
Microsoft Visual Studio Solution File, Format Version 12.00
# Visual Studio Version 17
VisualStudioVersion = 17.9.34607.119
MinimumVisualStudioVersion = 10.0.40219.1
Project("{9A19103F-16F7-4668-BE54-9A1E7A4F7556}") = "QWeatherApi", "QWeatherApi\QWeatherApi.csproj", "{968C088A-9081-48E3-BD70-CF80A98B8F47}"
EndProject
Global
	GlobalSection(SolutionConfigurationPlatforms) = preSolution
		Debug|Any CPU = Debug|Any CPU
		Release|Any CPU = Release|Any CPU
	EndGlobalSection
	GlobalSection(ProjectConfigurationPlatforms) = postSolution
		{968C088A-9081-48E3-BD70-CF80A98B8F47}.Debug|Any CPU.ActiveCfg = Debug|Any CPU
		{968C088A-9081-48E3-BD70-CF80A98B8F47}.Debug|Any CPU.Build.0 = Debug|Any CPU
		{968C088A-9081-48E3-BD70-CF80A98B8F47}.Release|Any CPU.ActiveCfg = Release|Any CPU
		{968C088A-9081-48E3-BD70-CF80A98B8F47}.Release|Any CPU.Build.0 = Release|Any CPU
	EndGlobalSection
	GlobalSection(SolutionProperties) = preSolution
		HideSolutionNode = FALSE
	EndGlobalSection
	GlobalSection(ExtensibilityGlobals) = postSolution
		SolutionGuid = {4F168628-DE95-4B11-AD7D-DC5BB4826762}
	EndGlobalSection
EndGlobal
